// !$*UTF8*$!
{
	archiveVersion = 1;
	classes = {
	};
	objectVersion = 55;
	objects = {

/* Begin PBXBuildFile section */
		E273DD3C283AA341003879EC /* AppDelegate.swift in Sources */ = {isa = PBXBuildFile; fileRef = E273DD3B283AA341003879EC /* AppDelegate.swift */; };
		E273DD3E283AA341003879EC /* SceneDelegate.swift in Sources */ = {isa = PBXBuildFile; fileRef = E273DD3D283AA341003879EC /* SceneDelegate.swift */; };
		E273DD40283AA341003879EC /* ViewController.swift in Sources */ = {isa = PBXBuildFile; fileRef = E273DD3F283AA341003879EC /* ViewController.swift */; };
		E273DD43283AA341003879EC /* Main.storyboard in Resources */ = {isa = PBXBuildFile; fileRef = E273DD41283AA341003879EC /* Main.storyboard */; };
		E273DD45283AA343003879EC /* Assets.xcassets in Resources */ = {isa = PBXBuildFile; fileRef = E273DD44283AA343003879EC /* Assets.xcassets */; };
		E273DD48283AA343003879EC /* LaunchScreen.storyboard in Resources */ = {isa = PBXBuildFile; fileRef = E273DD46283AA343003879EC /* LaunchScreen.storyboard */; };
		E273DD55283AA36C003879EC /* Comfortaa-SemiBold.ttf in Resources */ = {isa = PBXBuildFile; fileRef = E273DD50283AA36C003879EC /* Comfortaa-SemiBold.ttf */; };
		E273DD56283AA36C003879EC /* Comfortaa-Light.ttf in Resources */ = {isa = PBXBuildFile; fileRef = E273DD51283AA36C003879EC /* Comfortaa-Light.ttf */; };
		E273DD57283AA36C003879EC /* Comfortaa-Medium.ttf in Resources */ = {isa = PBXBuildFile; fileRef = E273DD52283AA36C003879EC /* Comfortaa-Medium.ttf */; };
		E273DD58283AA36C003879EC /* Comfortaa-Bold.ttf in Resources */ = {isa = PBXBuildFile; fileRef = E273DD53283AA36C003879EC /* Comfortaa-Bold.ttf */; };
		E273DD59283AA36C003879EC /* Comfortaa-Regular.ttf in Resources */ = {isa = PBXBuildFile; fileRef = E273DD54283AA36C003879EC /* Comfortaa-Regular.ttf */; };
		E273DD5B283AA41E003879EC /* SplashScreen.storyboard in Resources */ = {isa = PBXBuildFile; fileRef = E273DD5A283AA41E003879EC /* SplashScreen.storyboard */; };
		E273DD5D283AA4DA003879EC /* SplashViewController.swift in Sources */ = {isa = PBXBuildFile; fileRef = E273DD5C283AA4DA003879EC /* SplashViewController.swift */; };
/* End PBXBuildFile section */

/* Begin PBXFileReference section */
		E273DD38283AA341003879EC /* Splash.app */ = {isa = PBXFileReference; explicitFileType = wrapper.application; includeInIndex = 0; path = Splash.app; sourceTree = BUILT_PRODUCTS_DIR; };
		E273DD3B283AA341003879EC /* AppDelegate.swift */ = {isa = PBXFileReference; lastKnownFileType = sourcecode.swift; path = AppDelegate.swift; sourceTree = "<group>"; };
		E273DD3D283AA341003879EC /* SceneDelegate.swift */ = {isa = PBXFileReference; lastKnownFileType = sourcecode.swift; path = SceneDelegate.swift; sourceTree = "<group>"; };
		E273DD3F283AA341003879EC /* ViewController.swift */ = {isa = PBXFileReference; lastKnownFileType = sourcecode.swift; path = ViewController.swift; sourceTree = "<group>"; };
		E273DD42283AA341003879EC /* Base */ = {isa = PBXFileReference; lastKnownFileType = file.storyboard; name = Base; path = Base.lproj/Main.storyboard; sourceTree = "<group>"; };
		E273DD44283AA343003879EC /* Assets.xcassets */ = {isa = PBXFileReference; lastKnownFileType = folder.assetcatalog; path = Assets.xcassets; sourceTree = "<group>"; };
		E273DD47283AA343003879EC /* Base */ = {isa = PBXFileReference; lastKnownFileType = file.storyboard; name = Base; path = Base.lproj/LaunchScreen.storyboard; sourceTree = "<group>"; };
		E273DD49283AA343003879EC /* Info.plist */ = {isa = PBXFileReference; lastKnownFileType = text.plist.xml; path = Info.plist; sourceTree = "<group>"; };
		E273DD50283AA36C003879EC /* Comfortaa-SemiBold.ttf */ = {isa = PBXFileReference; lastKnownFileType = file; path = "Comfortaa-SemiBold.ttf"; sourceTree = "<group>"; };
		E273DD51283AA36C003879EC /* Comfortaa-Light.ttf */ = {isa = PBXFileReference; lastKnownFileType = file; path = "Comfortaa-Light.ttf"; sourceTree = "<group>"; };
		E273DD52283AA36C003879EC /* Comfortaa-Medium.ttf */ = {isa = PBXFileReference; lastKnownFileType = file; path = "Comfortaa-Medium.ttf"; sourceTree = "<group>"; };
		E273DD53283AA36C003879EC /* Comfortaa-Bold.ttf */ = {isa = PBXFileReference; lastKnownFileType = file; path = "Comfortaa-Bold.ttf"; sourceTree = "<group>"; };
		E273DD54283AA36C003879EC /* Comfortaa-Regular.ttf */ = {isa = PBXFileReference; lastKnownFileType = file; path = "Comfortaa-Regular.ttf"; sourceTree = "<group>"; };
		E273DD5A283AA41E003879EC /* SplashScreen.storyboard */ = {isa = PBXFileReference; lastKnownFileType = file.storyboard; path = SplashScreen.storyboard; sourceTree = "<group>"; };
		E273DD5C283AA4DA003879EC /* SplashViewController.swift */ = {isa = PBXFileReference; lastKnownFileType = sourcecode.swift; path = SplashViewController.swift; sourceTree = "<group>"; };
/* End PBXFileReference section */

/* Begin PBXFrameworksBuildPhase section */
		E273DD35283AA341003879EC /* Frameworks */ = {
			isa = PBXFrameworksBuildPhase;
			buildActionMask = 2147483647;
			files = (
			);
			runOnlyForDeploymentPostprocessing = 0;
		};
/* End PBXFrameworksBuildPhase section */

/* Begin PBXGroup section */
		E273DD2F283AA341003879EC = {
			isa = PBXGroup;
			children = (
				E273DD3A283AA341003879EC /* Splash */,
				E273DD39283AA341003879EC /* Products */,
			);
			sourceTree = "<group>";
		};
		E273DD39283AA341003879EC /* Products */ = {
			isa = PBXGroup;
			children = (
				E273DD38283AA341003879EC /* Splash.app */,
			);
			name = Products;
			sourceTree = "<group>";
		};
		E273DD3A283AA341003879EC /* Splash */ = {
			isa = PBXGroup;
			children = (
				E273DD5C283AA4DA003879EC /* SplashViewController.swift */,
				E273DD3B283AA341003879EC /* AppDelegate.swift */,
				E273DD3D283AA341003879EC /* SceneDelegate.swift */,
				E273DD3F283AA341003879EC /* ViewController.swift */,
				E273DD41283AA341003879EC /* Main.storyboard */,
				E273DD5A283AA41E003879EC /* SplashScreen.storyboard */,
				E273DD46283AA343003879EC /* LaunchScreen.storyboard */,
				E273DD4F283AA350003879EC /* Fonts */,
				E273DD44283AA343003879EC /* Assets.xcassets */,
				E273DD49283AA343003879EC /* Info.plist */,
			);
			path = Splash;
			sourceTree = "<group>";
		};
		E273DD4F283AA350003879EC /* Fonts */ = {
			isa = PBXGroup;
			children = (
				E273DD53283AA36C003879EC /* Comfortaa-Bold.ttf */,
				E273DD51283AA36C003879EC /* Comfortaa-Light.ttf */,
				E273DD52283AA36C003879EC /* Comfortaa-Medium.ttf */,
				E273DD54283AA36C003879EC /* Comfortaa-Regular.ttf */,
				E273DD50283AA36C003879EC /* Comfortaa-SemiBold.ttf */,
			);
			path = Fonts;
			sourceTree = "<group>";
		};
/* End PBXGroup section */

/* Begin PBXNativeTarget section */
		E273DD37283AA341003879EC /* Splash */ = {
			isa = PBXNativeTarget;
			buildConfigurationList = E273DD4C283AA343003879EC /* Build configuration list for PBXNativeTarget "Splash" */;
			buildPhases = (
				E273DD34283AA341003879EC /* Sources */,
				E273DD35283AA341003879EC /* Frameworks */,
				E273DD36283AA341003879EC /* Resources */,
			);
			buildRules = (
			);
			dependencies = (
			);
			name = Splash;
			productName = Splash;
			productReference = E273DD38283AA341003879EC /* Splash.app */;
			productType = "com.apple.product-type.application";
		};
/* End PBXNativeTarget section */

/* Begin PBXProject section */
		E273DD30283AA341003879EC /* Project object */ = {
			isa = PBXProject;
			attributes = {
				BuildIndependentTargetsInParallel = 1;
				LastSwiftUpdateCheck = 1330;
				LastUpgradeCheck = 1330;
				TargetAttributes = {
					E273DD37283AA341003879EC = {
						CreatedOnToolsVersion = 13.3.1;
					};
				};
			};
			buildConfigurationList = E273DD33283AA341003879EC /* Build configuration list for PBXProject "Splash" */;
			compatibilityVersion = "Xcode 13.0";
			developmentRegion = en;
			hasScannedForEncodings = 0;
			knownRegions = (
				en,
				Base,
			);
			mainGroup = E273DD2F283AA341003879EC;
			productRefGroup = E273DD39283AA341003879EC /* Products */;
			projectDirPath = "";
			projectRoot = "";
			targets = (
				E273DD37283AA341003879EC /* Splash */,
			);
		};
/* End PBXProject section */

/* Begin PBXResourcesBuildPhase section */
		E273DD36283AA341003879EC /* Resources */ = {
			isa = PBXResourcesBuildPhase;
			buildActionMask = 2147483647;
			files = (
				E273DD48283AA343003879EC /* LaunchScreen.storyboard in Resources */,
				E273DD5B283AA41E003879EC /* SplashScreen.storyboard in Resources */,
				E273DD45283AA343003879EC /* Assets.xcassets in Resources */,
				E273DD55283AA36C003879EC /* Comfortaa-SemiBold.ttf in Resources */,
				E273DD43283AA341003879EC /* Main.storyboard in Resources */,
				E273DD59283AA36C003879EC /* Comfortaa-Regular.ttf in Resources */,
				E273DD57283AA36C003879EC /* Comfortaa-Medium.ttf in Resources */,
				E273DD56283AA36C003879EC /* Comfortaa-Light.ttf in Resources */,
				E273DD58283AA36C003879EC /* Comfortaa-Bold.ttf in Resources */,
			);
			runOnlyForDeploymentPostprocessing = 0;
		};
/* End PBXResourcesBuildPhase section */

/* Begin PBXSourcesBuildPhase section */
		E273DD34283AA341003879EC /* Sources */ = {
			isa = PBXSourcesBuildPhase;
			buildActionMask = 2147483647;
			files = (
				E273DD40283AA341003879EC /* ViewController.swift in Sources */,
				E273DD3C283AA341003879EC /* AppDelegate.swift in Sources */,
				E273DD3E283AA341003879EC /* SceneDelegate.swift in Sources */,
				E273DD5D283AA4DA003879EC /* SplashViewController.swift in Sources */,
			);
			runOnlyForDeploymentPostprocessing = 0;
		};
/* End PBXSourcesBuildPhase section */

/* Begin PBXVariantGroup section */
		E273DD41283AA341003879EC /* Main.storyboard */ = {
			isa = PBXVariantGroup;
			children = (
				E273DD42283AA341003879EC /* Base */,
			);
			name = Main.storyboard;
			sourceTree = "<group>";
		};
		E273DD46283AA343003879EC /* LaunchScreen.storyboard */ = {
			isa = PBXVariantGroup;
			children = (
				E273DD47283AA343003879EC /* Base */,
			);
			name = LaunchScreen.storyboard;
			sourceTree = "<group>";
		};
/* End PBXVariantGroup section */

/* Begin XCBuildConfiguration section */
		E273DD4A283AA343003879EC /* Debug */ = {
			isa = XCBuildConfiguration;
			buildSettings = {
				ALWAYS_SEARCH_USER_PATHS = NO;
				CLANG_ANALYZER_NONNULL = YES;
				CLANG_ANALYZER_NUMBER_OBJECT_CONVERSION = YES_AGGRESSIVE;
				CLANG_CXX_LANGUAGE_STANDARD = "gnu++17";
				CLANG_ENABLE_MODULES = YES;
				CLANG_ENABLE_OBJC_ARC = YES;
				CLANG_ENABLE_OBJC_WEAK = YES;
				CLANG_WARN_BLOCK_CAPTURE_AUTORELEASING = YES;
				CLANG_WARN_BOOL_CONVERSION = YES;
				CLANG_WARN_COMMA = YES;
				CLANG_WARN_CONSTANT_CONVERSION = YES;
				CLANG_WARN_DEPRECATED_OBJC_IMPLEMENTATIONS = YES;
				CLANG_WARN_DIRECT_OBJC_ISA_USAGE = YES_ERROR;
				CLANG_WARN_DOCUMENTATION_COMMENTS = YES;
				CLANG_WARN_EMPTY_BODY = YES;
				CLANG_WARN_ENUM_CONVERSION = YES;
				CLANG_WARN_INFINITE_RECURSION = YES;
				CLANG_WARN_INT_CONVERSION = YES;
				CLANG_WARN_NON_LITERAL_NULL_CONVERSION = YES;
				CLANG_WARN_OBJC_IMPLICIT_RETAIN_SELF = YES;
				CLANG_WARN_OBJC_LITERAL_CONVERSION = YES;
				CLANG_WARN_OBJC_ROOT_CLASS = YES_ERROR;
				CLANG_WARN_QUOTED_INCLUDE_IN_FRAMEWORK_HEADER = YES;
				CLANG_WARN_RANGE_LOOP_ANALYSIS = YES;
				CLANG_WARN_STRICT_PROTOTYPES = YES;
				CLANG_WARN_SUSPICIOUS_MOVE = YES;
				CLANG_WARN_UNGUARDED_AVAILABILITY = YES_AGGRESSIVE;
				CLANG_WARN_UNREACHABLE_CODE = YES;
				CLANG_WARN__DUPLICATE_METHOD_MATCH = YES;
				COPY_PHASE_STRIP = NO;
				DEBUG_INFORMATION_FORMAT = dwarf;
				ENABLE_STRICT_OBJC_MSGSEND = YES;
				ENABLE_TESTABILITY = YES;
				GCC_C_LANGUAGE_STANDARD = gnu11;
				GCC_DYNAMIC_NO_PIC = NO;
				GCC_NO_COMMON_BLOCKS = YES;
				GCC_OPTIMIZATION_LEVEL = 0;
				GCC_PREPROCESSOR_DEFINITIONS = (
					"DEBUG=1",
					"$(inherited)",
				);
				GCC_WARN_64_TO_32_BIT_CONVERSION = YES;
				GCC_WARN_ABOUT_RETURN_TYPE = YES_ERROR;
				GCC_WARN_UNDECLARED_SELECTOR = YES;
				GCC_WARN_UNINITIALIZED_AUTOS = YES_AGGRESSIVE;
				GCC_WARN_UNUSED_FUNCTION = YES;
				GCC_WARN_UNUSED_VARIABLE = YES;
				IPHONEOS_DEPLOYMENT_TARGET = 15.4;
				MTL_ENABLE_DEBUG_INFO = INCLUDE_SOURCE;
				MTL_FAST_MATH = YES;
				ONLY_ACTIVE_ARCH = YES;
				SDKROOT = iphoneos;
				SWIFT_ACTIVE_COMPILATION_CONDITIONS = DEBUG;
				SWIFT_OPTIMIZATION_LEVEL = "-Onone";
			};
			name = Debug;
		};
		E273DD4B283AA343003879EC /* Release */ = {
			isa = XCBuildConfiguration;
			buildSettings = {
				ALWAYS_SEARCH_USER_PATHS = NO;
				CLANG_ANALYZER_NONNULL = YES;
				CLANG_ANALYZER_NUMBER_OBJECT_CONVERSION = YES_AGGRESSIVE;
				CLANG_CXX_LANGUAGE_STANDARD = "gnu++17";
				CLANG_ENABLE_MODULES = YES;
				CLANG_ENABLE_OBJC_ARC = YES;
				CLANG_ENABLE_OBJC_WEAK = YES;
				CLANG_WARN_BLOCK_CAPTURE_AUTORELEASING = YES;
				CLANG_WARN_BOOL_CONVERSION = YES;
				CLANG_WARN_COMMA = YES;
				CLANG_WARN_CONSTANT_CONVERSION = YES;
				CLANG_WARN_DEPRECATED_OBJC_IMPLEMENTATIONS = YES;
				CLANG_WARN_DIRECT_OBJC_ISA_USAGE = YES_ERROR;
				CLANG_WARN_DOCUMENTATION_COMMENTS = YES;
				CLANG_WARN_EMPTY_BODY = YES;
				CLANG_WARN_ENUM_CONVERSION = YES;
				CLANG_WARN_INFINITE_RECURSION = YES;
				CLANG_WARN_INT_CONVERSION = YES;
				CLANG_WARN_NON_LITERAL_NULL_CONVERSION = YES;
				CLANG_WARN_OBJC_IMPLICIT_RETAIN_SELF = YES;
				CLANG_WARN_OBJC_LITERAL_CONVERSION = YES;
				CLANG_WARN_OBJC_ROOT_CLASS = YES_ERROR;
				CLANG_WARN_QUOTED_INCLUDE_IN_FRAMEWORK_HEADER = YES;
				CLANG_WARN_RANGE_LOOP_ANALYSIS = YES;
				CLANG_WARN_STRICT_PROTOTYPES = YES;
				CLANG_WARN_SUSPICIOUS_MOVE = YES;
				CLANG_WARN_UNGUARDED_AVAILABILITY = YES_AGGRESSIVE;
				CLANG_WARN_UNREACHABLE_CODE = YES;
				CLANG_WARN__DUPLICATE_METHOD_MATCH = YES;
				COPY_PHASE_STRIP = NO;
				DEBUG_INFORMATION_FORMAT = "dwarf-with-dsym";
				ENABLE_NS_ASSERTIONS = NO;
				ENABLE_STRICT_OBJC_MSGSEND = YES;
				GCC_C_LANGUAGE_STANDARD = gnu11;
				GCC_NO_COMMON_BLOCKS = YES;
				GCC_WARN_64_TO_32_BIT_CONVERSION = YES;
				GCC_WARN_ABOUT_RETURN_TYPE = YES_ERROR;
				GCC_WARN_UNDECLARED_SELECTOR = YES;
				GCC_WARN_UNINITIALIZED_AUTOS = YES_AGGRESSIVE;
				GCC_WARN_UNUSED_FUNCTION = YES;
				GCC_WARN_UNUSED_VARIABLE = YES;
				IPHONEOS_DEPLOYMENT_TARGET = 15.4;
				MTL_ENABLE_DEBUG_INFO = NO;
				MTL_FAST_MATH = YES;
				SDKROOT = iphoneos;
				SWIFT_COMPILATION_MODE = wholemodule;
				SWIFT_OPTIMIZATION_LEVEL = "-O";
				VALIDATE_PRODUCT = YES;
			};
			name = Release;
		};
		E273DD4D283AA343003879EC /* Debug */ = {
			isa = XCBuildConfiguration;
			buildSettings = {
				ASSETCATALOG_COMPILER_APPICON_NAME = AppIcon;
				ASSETCATALOG_COMPILER_GLOBAL_ACCENT_COLOR_NAME = AccentColor;
				CODE_SIGN_STYLE = Automatic;
				CURRENT_PROJECT_VERSION = 1;
				DEVELOPMENT_TEAM = Q5Y4BCFEB5;
				GENERATE_INFOPLIST_FILE = YES;
				INFOPLIST_FILE = Splash/Info.plist;
				INFOPLIST_KEY_UIApplicationSupportsIndirectInputEvents = YES;
				INFOPLIST_KEY_UILaunchStoryboardName = LaunchScreen;
				INFOPLIST_KEY_UIMainStoryboardFile = Main;
				INFOPLIST_KEY_UISupportedInterfaceOrientations_iPad = "UIInterfaceOrientationPortrait UIInterfaceOrientationPortraitUpsideDown UIInterfaceOrientationLandscapeLeft UIInterfaceOrientationLandscapeRight";
				INFOPLIST_KEY_UISupportedInterfaceOrientations_iPhone = "UIInterfaceOrientationPortrait UIInterfaceOrientationLandscapeLeft UIInterfaceOrientationLandscapeRight";
				LD_RUNPATH_SEARCH_PATHS = (
					"$(inherited)",
					"@executable_path/Frameworks",
				);
				MARKETING_VERSION = 1.0;
				PRODUCT_BUNDLE_IDENTIFIER = com.jwlryk.Splash;
				PRODUCT_NAME = "$(TARGET_NAME)";
				SWIFT_EMIT_LOC_STRINGS = YES;
				SWIFT_VERSION = 5.0;
				TARGETED_DEVICE_FAMILY = "1,2";
			};
			name = Debug;
		};
		E273DD4E283AA343003879EC /* Release */ = {
			isa = XCBuildConfiguration;
			buildSettings = {
				ASSETCATALOG_COMPILER_APPICON_NAME = AppIcon;
				ASSETCATALOG_COMPILER_GLOBAL_ACCENT_COLOR_NAME = AccentColor;
				CODE_SIGN_STYLE = Automatic;
				CURRENT_PROJECT_VERSION = 1;
				DEVELOPMENT_TEAM = Q5Y4BCFEB5;
				GENERATE_INFOPLIST_FILE = YES;
				INFOPLIST_FILE = Splash/Info.plist;
				INFOPLIST_KEY_UIApplicationSupportsIndirectInputEvents = YES;
				INFOPLIST_KEY_UILaunchStoryboardName = LaunchScreen;
				INFOPLIST_KEY_UIMainStoryboardFile = Main;
				INFOPLIST_KEY_UISupportedInterfaceOrientations_iPad = "UIInterfaceOrientationPortrait UIInterfaceOrientationPortraitUpsideDown UIInterfaceOrientationLandscapeLeft UIInterfaceOrientationLandscapeRight";
				INFOPLIST_KEY_UISupportedInterfaceOrientations_iPhone = "UIInterfaceOrientationPortrait UIInterfaceOrientationLandscapeLeft UIInterfaceOrientationLandscapeRight";
				LD_RUNPATH_SEARCH_PATHS = (
					"$(inherited)",
					"@executable_path/Frameworks",
				);
				MARKETING_VERSION = 1.0;
				PRODUCT_BUNDLE_IDENTIFIER = com.jwlryk.Splash;
				PRODUCT_NAME = "$(TARGET_NAME)";
				SWIFT_EMIT_LOC_STRINGS = YES;
				SWIFT_VERSION = 5.0;
				TARGETED_DEVICE_FAMILY = "1,2";
			};
			name = Release;
		};
/* End XCBuildConfiguration section */

/* Begin XCConfigurationList section */
		E273DD33283AA341003879EC /* Build configuration list for PBXProject "Splash" */ = {
			isa = XCConfigurationList;
			buildConfigurations = (
				E273DD4A283AA343003879EC /* Debug */,
				E273DD4B283AA343003879EC /* Release */,
			);
			defaultConfigurationIsVisible = 0;
			defaultConfigurationName = Release;
		};
		E273DD4C283AA343003879EC /* Build configuration list for PBXNativeTarget "Splash" */ = {
			isa = XCConfigurationList;
			buildConfigurations = (
				E273DD4D283AA343003879EC /* Debug */,
				E273DD4E283AA343003879EC /* Release */,
			);
			defaultConfigurationIsVisible = 0;
			defaultConfigurationName = Release;
		};
/* End XCConfigurationList section */
	};
	rootObject = E273DD30283AA341003879EC /* Project object */;
}
